
Microsoft Visual Studio Solution File, Format Version 12.00
# Visual Studio 2012
Project("{FAE04EC0-301F-11D3-BF4B-00C04F79EFBC}") = "Project1", "Project1\Project1.csproj", "{42AD9338-77C7-4F37-87DF-6337F4C4D23E}"
EndProject
Global
	GlobalSection(SolutionConfigurationPlatforms) = preSolution
		Debug|Any CPU = Debug|Any CPU
		Release|Any CPU = Release|Any CPU
	EndGlobalSection
	GlobalSection(ProjectConfigurationPlatforms) = postSolution
		{42AD9338-77C7-4F37-87DF-6337F4C4D23E}.Debug|Any CPU.ActiveCfg = Debug|Any CPU
		{42AD9338-77C7-4F37-87DF-6337F4C4D23E}.Debug|Any CPU.Build.0 = Debug|Any CPU
		{42AD9338-77C7-4F37-87DF-6337F4C4D23E}.Release|Any CPU.ActiveCfg = Release|Any CPU
		{42AD9338-77C7-4F37-87DF-6337F4C4D23E}.Release|Any CPU.Build.0 = Release|Any CPU
	EndGlobalSection
	GlobalSection(SolutionProperties) = preSolution
		HideSolutionNode = FALSE
	EndGlobalSection
EndGlobal
