
Microsoft Visual Studio Solution File, Format Version 12.00
# Visual Studio 2012
Project("{FAE04EC0-301F-11D3-BF4B-00C04F79EFBC}") = "PrjEx2", "PrjEx2\PrjEx2.csproj", "{FBB2A799-33BE-4498-B5C2-D088AC6C00A3}"
EndProject
Global
	GlobalSection(SolutionConfigurationPlatforms) = preSolution
		Debug|Any CPU = Debug|Any CPU
		Release|Any CPU = Release|Any CPU
	EndGlobalSection
	GlobalSection(ProjectConfigurationPlatforms) = postSolution
		{FBB2A799-33BE-4498-B5C2-D088AC6C00A3}.Debug|Any CPU.ActiveCfg = Debug|Any CPU
		{FBB2A799-33BE-4498-B5C2-D088AC6C00A3}.Debug|Any CPU.Build.0 = Debug|Any CPU
		{FBB2A799-33BE-4498-B5C2-D088AC6C00A3}.Release|Any CPU.ActiveCfg = Release|Any CPU
		{FBB2A799-33BE-4498-B5C2-D088AC6C00A3}.Release|Any CPU.Build.0 = Release|Any CPU
	EndGlobalSection
	GlobalSection(SolutionProperties) = preSolution
		HideSolutionNode = FALSE
	EndGlobalSection
EndGlobal
