
Microsoft Visual Studio Solution File, Format Version 12.00
# Visual Studio 15
VisualStudioVersion = 15.0.28307.705
MinimumVisualStudioVersion = 10.0.40219.1
Project("{FAE04EC0-301F-11D3-BF4B-00C04F79EFBC}") = "Ex1_UsandoPOO", "Ex1_UsandoPOO\Ex1_UsandoPOO.csproj", "{D43FD304-5AAA-4D59-BC53-8AAE71F90B7D}"
EndProject
Global
	GlobalSection(SolutionConfigurationPlatforms) = preSolution
		Debug|Any CPU = Debug|Any CPU
		Release|Any CPU = Release|Any CPU
	EndGlobalSection
	GlobalSection(ProjectConfigurationPlatforms) = postSolution
		{D43FD304-5AAA-4D59-BC53-8AAE71F90B7D}.Debug|Any CPU.ActiveCfg = Debug|Any CPU
		{D43FD304-5AAA-4D59-BC53-8AAE71F90B7D}.Debug|Any CPU.Build.0 = Debug|Any CPU
		{D43FD304-5AAA-4D59-BC53-8AAE71F90B7D}.Release|Any CPU.ActiveCfg = Release|Any CPU
		{D43FD304-5AAA-4D59-BC53-8AAE71F90B7D}.Release|Any CPU.Build.0 = Release|Any CPU
	EndGlobalSection
	GlobalSection(SolutionProperties) = preSolution
		HideSolutionNode = FALSE
	EndGlobalSection
	GlobalSection(ExtensibilityGlobals) = postSolution
		SolutionGuid = {DC541EE3-B4BB-42C5-B96B-C74090B52773}
	EndGlobalSection
EndGlobal
