
Microsoft Visual Studio Solution File, Format Version 12.00
# Visual Studio 15
VisualStudioVersion = 15.0.28307.705
MinimumVisualStudioVersion = 10.0.40219.1
Project("{FAE04EC0-301F-11D3-BF4B-00C04F79EFBC}") = "Ex1_SemPOO", "Ex1_SemPOO\Ex1_SemPOO.csproj", "{1006E777-0F84-4A65-BD05-DC1C0312CFE3}"
EndProject
Global
	GlobalSection(SolutionConfigurationPlatforms) = preSolution
		Debug|Any CPU = Debug|Any CPU
		Release|Any CPU = Release|Any CPU
	EndGlobalSection
	GlobalSection(ProjectConfigurationPlatforms) = postSolution
		{1006E777-0F84-4A65-BD05-DC1C0312CFE3}.Debug|Any CPU.ActiveCfg = Debug|Any CPU
		{1006E777-0F84-4A65-BD05-DC1C0312CFE3}.Debug|Any CPU.Build.0 = Debug|Any CPU
		{1006E777-0F84-4A65-BD05-DC1C0312CFE3}.Release|Any CPU.ActiveCfg = Release|Any CPU
		{1006E777-0F84-4A65-BD05-DC1C0312CFE3}.Release|Any CPU.Build.0 = Release|Any CPU
	EndGlobalSection
	GlobalSection(SolutionProperties) = preSolution
		HideSolutionNode = FALSE
	EndGlobalSection
	GlobalSection(ExtensibilityGlobals) = postSolution
		SolutionGuid = {1D29E43F-D1E8-4CA3-8EEE-44F4664BA43A}
	EndGlobalSection
EndGlobal
